// !$*UTF8*$!
{
	archiveVersion = 1;
	classes = {
	};
	objectVersion = 46;
	objects = {

/* Begin PBXBuildFile section */
		347CC03F1D2A2A9D00BFE7EE /* jiaAppDelegate.m in Sources */ = {isa = PBXBuildFile; fileRef = 347CC03E1D2A2A9D00BFE7EE /* jiaAppDelegate.m */; settings = {ASSET_TAGS = (); }; };
		347CC0421D2A2AF300BFE7EE /* jiaBaseViewController.m in Sources */ = {isa = PBXBuildFile; fileRef = 347CC0411D2A2AF300BFE7EE /* jiaBaseViewController.m */; settings = {ASSET_TAGS = (); }; };
		347CC0451D2A2C7800BFE7EE /* jiaCoreSDK.h in Headers */ = {isa = PBXBuildFile; fileRef = 347CC0431D2A2BA600BFE7EE /* jiaCoreSDK.h */; settings = {ATTRIBUTES = (Public, ); }; };
		347CC0521D2A334500BFE7EE /* jiaAppDelegate.h in Headers */ = {isa = PBXBuildFile; fileRef = 347CC03D1D2A2A9D00BFE7EE /* jiaAppDelegate.h */; settings = {ATTRIBUTES = (Public, ); }; };
		347CC0531D2A334500BFE7EE /* jiaBaseViewController.h in Headers */ = {isa = PBXBuildFile; fileRef = 347CC0401D2A2AF300BFE7EE /* jiaBaseViewController.h */; settings = {ATTRIBUTES = (Public, ); }; };
		347CC0581D2A382400BFE7EE /* jiaMacros.h in Headers */ = {isa = PBXBuildFile; fileRef = 347CC0571D2A382400BFE7EE /* jiaMacros.h */; settings = {ASSET_TAGS = (); }; };
/* End PBXBuildFile section */

/* Begin PBXCopyFilesBuildPhase section */
		347CC02F1D2A2A2100BFE7EE /* CopyFiles */ = {
			isa = PBXCopyFilesBuildPhase;
			buildActionMask = 2147483647;
			dstPath = "include/$(PRODUCT_NAME)";
			dstSubfolderSpec = 16;
			files = (
			);
			runOnlyForDeploymentPostprocessing = 0;
		};
/* End PBXCopyFilesBuildPhase section */

/* Begin PBXFileReference section */
		347CC0311D2A2A2100BFE7EE /* libjiaCoreSDK.a */ = {isa = PBXFileReference; explicitFileType = archive.ar; includeInIndex = 0; path = libjiaCoreSDK.a; sourceTree = BUILT_PRODUCTS_DIR; };
		347CC03D1D2A2A9D00BFE7EE /* jiaAppDelegate.h */ = {isa = PBXFileReference; fileEncoding = 4; lastKnownFileType = sourcecode.c.h; path = jiaAppDelegate.h; sourceTree = "<group>"; };
		347CC03E1D2A2A9D00BFE7EE /* jiaAppDelegate.m */ = {isa = PBXFileReference; fileEncoding = 4; lastKnownFileType = sourcecode.c.objc; path = jiaAppDelegate.m; sourceTree = "<group>"; };
		347CC0401D2A2AF300BFE7EE /* jiaBaseViewController.h */ = {isa = PBXFileReference; fileEncoding = 4; lastKnownFileType = sourcecode.c.h; path = jiaBaseViewController.h; sourceTree = "<group>"; };
		347CC0411D2A2AF300BFE7EE /* jiaBaseViewController.m */ = {isa = PBXFileReference; fileEncoding = 4; lastKnownFileType = sourcecode.c.objc; path = jiaBaseViewController.m; sourceTree = "<group>"; };
		347CC0431D2A2BA600BFE7EE /* jiaCoreSDK.h */ = {isa = PBXFileReference; fileEncoding = 4; lastKnownFileType = sourcecode.c.h; path = jiaCoreSDK.h; sourceTree = "<group>"; };
		347CC0561D2A36C000BFE7EE /* jiaCoreSDK.bundle */ = {isa = PBXFileReference; lastKnownFileType = "wrapper.plug-in"; path = jiaCoreSDK.bundle; sourceTree = "<group>"; };
		347CC0571D2A382400BFE7EE /* jiaMacros.h */ = {isa = PBXFileReference; fileEncoding = 4; lastKnownFileType = sourcecode.c.h; path = jiaMacros.h; sourceTree = "<group>"; };
/* End PBXFileReference section */

/* Begin PBXFrameworksBuildPhase section */
		347CC02E1D2A2A2100BFE7EE /* Frameworks */ = {
			isa = PBXFrameworksBuildPhase;
			buildActionMask = 2147483647;
			files = (
			);
			runOnlyForDeploymentPostprocessing = 0;
		};
/* End PBXFrameworksBuildPhase section */

/* Begin PBXGroup section */
		347CC0281D2A2A2100BFE7EE = {
			isa = PBXGroup;
			children = (
				347CC0331D2A2A2100BFE7EE /* jiaCoreSDK */,
				347CC0321D2A2A2100BFE7EE /* Products */,
			);
			sourceTree = "<group>";
		};
		347CC0321D2A2A2100BFE7EE /* Products */ = {
			isa = PBXGroup;
			children = (
				347CC0311D2A2A2100BFE7EE /* libjiaCoreSDK.a */,
			);
			name = Products;
			sourceTree = "<group>";
		};
		347CC0331D2A2A2100BFE7EE /* jiaCoreSDK */ = {
			isa = PBXGroup;
			children = (
				347CC03D1D2A2A9D00BFE7EE /* jiaAppDelegate.h */,
				347CC03E1D2A2A9D00BFE7EE /* jiaAppDelegate.m */,
				347CC0401D2A2AF300BFE7EE /* jiaBaseViewController.h */,
				347CC0411D2A2AF300BFE7EE /* jiaBaseViewController.m */,
				347CC0431D2A2BA600BFE7EE /* jiaCoreSDK.h */,
				347CC0571D2A382400BFE7EE /* jiaMacros.h */,
				347CC0561D2A36C000BFE7EE /* jiaCoreSDK.bundle */,
			);
			path = jiaCoreSDK;
			sourceTree = "<group>";
		};
/* End PBXGroup section */

/* Begin PBXHeadersBuildPhase section */
		347CC0441D2A2C4F00BFE7EE /* Headers */ = {
			isa = PBXHeadersBuildPhase;
			buildActionMask = 2147483647;
			files = (
				347CC0451D2A2C7800BFE7EE /* jiaCoreSDK.h in Headers */,
				347CC0521D2A334500BFE7EE /* jiaAppDelegate.h in Headers */,
				347CC0531D2A334500BFE7EE /* jiaBaseViewController.h in Headers */,
				347CC0581D2A382400BFE7EE /* jiaMacros.h in Headers */,
			);
			runOnlyForDeploymentPostprocessing = 0;
		};
/* End PBXHeadersBuildPhase section */

/* Begin PBXNativeTarget section */
		347CC0301D2A2A2100BFE7EE /* jiaCoreSDK */ = {
			isa = PBXNativeTarget;
			buildConfigurationList = 347CC03A1D2A2A2100BFE7EE /* Build configuration list for PBXNativeTarget "jiaCoreSDK" */;
			buildPhases = (
				347CC02D1D2A2A2100BFE7EE /* Sources */,
				347CC02E1D2A2A2100BFE7EE /* Frameworks */,
				347CC02F1D2A2A2100BFE7EE /* CopyFiles */,
				347CC0441D2A2C4F00BFE7EE /* Headers */,
			);
			buildRules = (
			);
			dependencies = (
			);
			name = jiaCoreSDK;
			productName = jiaCoreSDK;
			productReference = 347CC0311D2A2A2100BFE7EE /* libjiaCoreSDK.a */;
			productType = "com.apple.product-type.library.static";
		};
/* End PBXNativeTarget section */

/* Begin PBXProject section */
		347CC0291D2A2A2100BFE7EE /* Project object */ = {
			isa = PBXProject;
			attributes = {
				LastUpgradeCheck = 0700;
				ORGANIZATIONNAME = wujunyang;
				TargetAttributes = {
					347CC0301D2A2A2100BFE7EE = {
						CreatedOnToolsVersion = 7.0;
					};
				};
			};
			buildConfigurationList = 347CC02C1D2A2A2100BFE7EE /* Build configuration list for PBXProject "jiaCoreSDK" */;
			compatibilityVersion = "Xcode 3.2";
			developmentRegion = English;
			hasScannedForEncodings = 0;
			knownRegions = (
				en,
			);
			mainGroup = 347CC0281D2A2A2100BFE7EE;
			productRefGroup = 347CC0321D2A2A2100BFE7EE /* Products */;
			projectDirPath = "";
			projectRoot = "";
			targets = (
				347CC0301D2A2A2100BFE7EE /* jiaCoreSDK */,
			);
		};
/* End PBXProject section */

/* Begin PBXSourcesBuildPhase section */
		347CC02D1D2A2A2100BFE7EE /* Sources */ = {
			isa = PBXSourcesBuildPhase;
			buildActionMask = 2147483647;
			files = (
				347CC0421D2A2AF300BFE7EE /* jiaBaseViewController.m in Sources */,
				347CC03F1D2A2A9D00BFE7EE /* jiaAppDelegate.m in Sources */,
			);
			runOnlyForDeploymentPostprocessing = 0;
		};
/* End PBXSourcesBuildPhase section */

/* Begin XCBuildConfiguration section */
		347CC0381D2A2A2100BFE7EE /* Debug */ = {
			isa = XCBuildConfiguration;
			buildSettings = {
				ALWAYS_SEARCH_USER_PATHS = NO;
				CLANG_CXX_LANGUAGE_STANDARD = "gnu++0x";
				CLANG_CXX_LIBRARY = "libc++";
				CLANG_ENABLE_MODULES = YES;
				CLANG_ENABLE_OBJC_ARC = YES;
				CLANG_WARN_BOOL_CONVERSION = YES;
				CLANG_WARN_CONSTANT_CONVERSION = YES;
				CLANG_WARN_DIRECT_OBJC_ISA_USAGE = YES_ERROR;
				CLANG_WARN_EMPTY_BODY = YES;
				CLANG_WARN_ENUM_CONVERSION = YES;
				CLANG_WARN_INT_CONVERSION = YES;
				CLANG_WARN_OBJC_ROOT_CLASS = YES_ERROR;
				CLANG_WARN_UNREACHABLE_CODE = YES;
				CLANG_WARN__DUPLICATE_METHOD_MATCH = YES;
				COPY_PHASE_STRIP = NO;
				DEBUG_INFORMATION_FORMAT = dwarf;
				ENABLE_STRICT_OBJC_MSGSEND = YES;
				ENABLE_TESTABILITY = YES;
				GCC_C_LANGUAGE_STANDARD = gnu99;
				GCC_DYNAMIC_NO_PIC = NO;
				GCC_NO_COMMON_BLOCKS = YES;
				GCC_OPTIMIZATION_LEVEL = 0;
				GCC_PREPROCESSOR_DEFINITIONS = (
					"DEBUG=1",
					"$(inherited)",
				);
				GCC_WARN_64_TO_32_BIT_CONVERSION = YES;
				GCC_WARN_ABOUT_RETURN_TYPE = YES_ERROR;
				GCC_WARN_UNDECLARED_SELECTOR = YES;
				GCC_WARN_UNINITIALIZED_AUTOS = YES_AGGRESSIVE;
				GCC_WARN_UNUSED_FUNCTION = YES;
				GCC_WARN_UNUSED_VARIABLE = YES;
				IPHONEOS_DEPLOYMENT_TARGET = 7.0;
				MTL_ENABLE_DEBUG_INFO = YES;
				ONLY_ACTIVE_ARCH = YES;
				SDKROOT = iphoneos;
			};
			name = Debug;
		};
		347CC0391D2A2A2100BFE7EE /* Release */ = {
			isa = XCBuildConfiguration;
			buildSettings = {
				ALWAYS_SEARCH_USER_PATHS = NO;
				CLANG_CXX_LANGUAGE_STANDARD = "gnu++0x";
				CLANG_CXX_LIBRARY = "libc++";
				CLANG_ENABLE_MODULES = YES;
				CLANG_ENABLE_OBJC_ARC = YES;
				CLANG_WARN_BOOL_CONVERSION = YES;
				CLANG_WARN_CONSTANT_CONVERSION = YES;
				CLANG_WARN_DIRECT_OBJC_ISA_USAGE = YES_ERROR;
				CLANG_WARN_EMPTY_BODY = YES;
				CLANG_WARN_ENUM_CONVERSION = YES;
				CLANG_WARN_INT_CONVERSION = YES;
				CLANG_WARN_OBJC_ROOT_CLASS = YES_ERROR;
				CLANG_WARN_UNREACHABLE_CODE = YES;
				CLANG_WARN__DUPLICATE_METHOD_MATCH = YES;
				COPY_PHASE_STRIP = NO;
				DEBUG_INFORMATION_FORMAT = "dwarf-with-dsym";
				ENABLE_NS_ASSERTIONS = NO;
				ENABLE_STRICT_OBJC_MSGSEND = YES;
				GCC_C_LANGUAGE_STANDARD = gnu99;
				GCC_NO_COMMON_BLOCKS = YES;
				GCC_WARN_64_TO_32_BIT_CONVERSION = YES;
				GCC_WARN_ABOUT_RETURN_TYPE = YES_ERROR;
				GCC_WARN_UNDECLARED_SELECTOR = YES;
				GCC_WARN_UNINITIALIZED_AUTOS = YES_AGGRESSIVE;
				GCC_WARN_UNUSED_FUNCTION = YES;
				GCC_WARN_UNUSED_VARIABLE = YES;
				IPHONEOS_DEPLOYMENT_TARGET = 7.0;
				MTL_ENABLE_DEBUG_INFO = NO;
				SDKROOT = iphoneos;
				VALIDATE_PRODUCT = YES;
			};
			name = Release;
		};
		347CC03B1D2A2A2100BFE7EE /* Debug */ = {
			isa = XCBuildConfiguration;
			buildSettings = {
				OTHER_LDFLAGS = "-ObjC";
				PRODUCT_NAME = "$(TARGET_NAME)";
				SKIP_INSTALL = YES;
			};
			name = Debug;
		};
		347CC03C1D2A2A2100BFE7EE /* Release */ = {
			isa = XCBuildConfiguration;
			buildSettings = {
				OTHER_LDFLAGS = "-ObjC";
				PRODUCT_NAME = "$(TARGET_NAME)";
				SKIP_INSTALL = YES;
			};
			name = Release;
		};
/* End XCBuildConfiguration section */

/* Begin XCConfigurationList section */
		347CC02C1D2A2A2100BFE7EE /* Build configuration list for PBXProject "jiaCoreSDK" */ = {
			isa = XCConfigurationList;
			buildConfigurations = (
				347CC0381D2A2A2100BFE7EE /* Debug */,
				347CC0391D2A2A2100BFE7EE /* Release */,
			);
			defaultConfigurationIsVisible = 0;
			defaultConfigurationName = Release;
		};
		347CC03A1D2A2A2100BFE7EE /* Build configuration list for PBXNativeTarget "jiaCoreSDK" */ = {
			isa = XCConfigurationList;
			buildConfigurations = (
				347CC03B1D2A2A2100BFE7EE /* Debug */,
				347CC03C1D2A2A2100BFE7EE /* Release */,
			);
			defaultConfigurationIsVisible = 0;
		};
/* End XCConfigurationList section */
	};
	rootObject = 347CC0291D2A2A2100BFE7EE /* Project object */;
}
